
Microsoft Visual Studio Solution File, Format Version 12.00
# Visual Studio Version 16
VisualStudioVersion = 16.0.30907.101
MinimumVisualStudioVersion = 10.0.40219.1
Project("{9A19103F-16F7-4668-BE54-9A1E7A4F7556}") = "AdMortemBot", "AdMortemBot.csproj", "{59D2E99B-F5F3-4FA2-9F4A-4879A971634D}"
EndProject
Global
	GlobalSection(SolutionConfigurationPlatforms) = preSolution
		Debug|Any CPU = Debug|Any CPU
		Release|Any CPU = Release|Any CPU
	EndGlobalSection
	GlobalSection(ProjectConfigurationPlatforms) = postSolution
		{59D2E99B-F5F3-4FA2-9F4A-4879A971634D}.Debug|Any CPU.ActiveCfg = Debug|Any CPU
		{59D2E99B-F5F3-4FA2-9F4A-4879A971634D}.Debug|Any CPU.Build.0 = Debug|Any CPU
		{59D2E99B-F5F3-4FA2-9F4A-4879A971634D}.Release|Any CPU.ActiveCfg = Release|Any CPU
		{59D2E99B-F5F3-4FA2-9F4A-4879A971634D}.Release|Any CPU.Build.0 = Release|Any CPU
	EndGlobalSection
	GlobalSection(SolutionProperties) = preSolution
		HideSolutionNode = FALSE
	EndGlobalSection
	GlobalSection(ExtensibilityGlobals) = postSolution
		SolutionGuid = {989E08F8-A3D1-4B4F-9BDC-B79FD1007EEE}
	EndGlobalSection
EndGlobal
